
Microsoft Visual Studio Solution File, Format Version 12.00
# Visual Studio Version 16
VisualStudioVersion = 16.0.31613.86
MinimumVisualStudioVersion = 10.0.40219.1
Project("{FAE04EC0-301F-11D3-BF4B-00C04F79EFBC}") = "IBCompSciProject", "IBCompSciProject.csproj", "{120571D7-6E9F-4491-A005-48D57DB1199F}"
EndProject
Global
	GlobalSection(SolutionConfigurationPlatforms) = preSolution
		Debug|Any CPU = Debug|Any CPU
		Release|Any CPU = Release|Any CPU
	EndGlobalSection
	GlobalSection(ProjectConfigurationPlatforms) = postSolution
		{120571D7-6E9F-4491-A005-48D57DB1199F}.Debug|Any CPU.ActiveCfg = Debug|Any CPU
		{120571D7-6E9F-4491-A005-48D57DB1199F}.Debug|Any CPU.Build.0 = Debug|Any CPU
		{120571D7-6E9F-4491-A005-48D57DB1199F}.Release|Any CPU.ActiveCfg = Release|Any CPU
		{120571D7-6E9F-4491-A005-48D57DB1199F}.Release|Any CPU.Build.0 = Release|Any CPU
	EndGlobalSection
	GlobalSection(SolutionProperties) = preSolution
		HideSolutionNode = FALSE
	EndGlobalSection
	GlobalSection(ExtensibilityGlobals) = postSolution
		SolutionGuid = {A4AC6F3A-60F9-452F-B9B4-716E1039CFC4}
	EndGlobalSection
EndGlobal
